lockfileVersion: '9.0'

settings:
  autoInstallPeers: true
  excludeLinksFromLockfile: false

importers:

  .:
    dependencies:
      '@extractus/feed-extractor':
        specifier: ^7.2.1
        version: 7.2.1

packages:

  '@extractus/feed-extractor@7.2.1':
    resolution: {integrity: sha512-vc84NZST31wLDTesAkmHL8GBxSB2zw2/h9ZKiQMB71az13sC65EeAcDeLJ2z3atsIhtxESnCMaKmQdOrFiFLcg==}
    engines: {node: '>= 20'}

  '@nodable/entities@2.1.0':
    resolution: {integrity: sha512-nyT7T3nbMyBI/lvr6L5TyWbFJAI9FTgVRakNoBqCD+PmID8DzFrrNdLLtHMwMszOtqZa8PAOV24ZqDnQrhQINA==}

  '@pwshub/bellajs@13.0.2':
    resolution: {integrity: sha512-OWOaE7Ieufo7VMv957iahOzv/w5oXyyXO28Jh2x6rLU96ZLqC508kAKTgdMJRXgVjda2s+/0C6Kno+k16OmJsQ==}
    engines: {bun: '>=1.0.0', node: '>=20.0.0'}

  fast-xml-builder@1.2.0:
    resolution: {integrity: sha512-00aAWieqff+ZJhsXA4g1g7M8k+7AYoMUUHF+/zFb5U6Uv/P0Vl4QZo84/IcufzYalLuEj9928bXN9PbbFzMF0Q==}

  fast-xml-parser@5.7.3:
    resolution: {integrity: sha512-C0AaNuC+mscy6vrAQKAc/rMq+zAPHodfHGZu4sGVehvAQt/JLG1O5zEcYcXSY5zSqr4YVgxsB+pHXTq0i7eDlg==}
    hasBin: true

  html-entities@2.6.0:
    resolution: {integrity: sha512-kig+rMn/QOVRvr7c86gQ8lWXq+Hkv6CbAH1hLu+RG338StTpE8Z0b44SDVaqVu7HGKf27frdmUYEs9hTUX/cLQ==}

  path-expression-matcher@1.5.0:
    resolution: {integrity: sha512-cbrerZV+6rvdQrrD+iGMcZFEiiSrbv9Tfdkvnusy6y0x0GKBXREFg/Y65GhIfm0tnLntThhzCnfKwp1WRjeCyQ==}
    engines: {node: '>=14.0.0'}

  strnum@2.3.0:
    resolution: {integrity: sha512-ums3KNd42PGyx5xaoVTO1mjU1bH3NpY4vsrVlnv9PNGqQj8wd7rJ6nEypLrJ7z5vxK5RP0yMLo6J/Gsm62DI5Q==}

  xml-naming@0.1.0:
    resolution: {integrity: sha512-k8KO9hrMyNk6tUWqUfkTEZbezRRpONVOzUTnc97VnCvyj6Tf9lyUR9EDAIeiVLv56jsMcoXEwjW8Kv5yPY52lw==}
    engines: {node: '>=16.0.0'}

snapshots:

  '@extractus/feed-extractor@7.2.1':
    dependencies:
      '@pwshub/bellajs': 13.0.2
      fast-xml-parser: 5.7.3
      html-entities: 2.6.0

  '@nodable/entities@2.1.0': {}

  '@pwshub/bellajs@13.0.2': {}

  fast-xml-builder@1.2.0:
    dependencies:
      path-expression-matcher: 1.5.0
      xml-naming: 0.1.0

  fast-xml-parser@5.7.3:
    dependencies:
      '@nodable/entities': 2.1.0
      fast-xml-builder: 1.2.0
      path-expression-matcher: 1.5.0
      strnum: 2.3.0

  html-entities@2.6.0: {}

  path-expression-matcher@1.5.0: {}

  strnum@2.3.0: {}

  xml-naming@0.1.0: {}
